
Microsoft Visual Studio Solution File, Format Version 12.00
# Visual Studio Version 17
VisualStudioVersion = 17.0.31903.59
MinimumVisualStudioVersion = 10.0.40219.1
Project("{FAE04EC0-301F-11D3-BF4B-00C04F79EFBC}") = "App", "App\App.csproj", "{384F9264-6765-4703-8E25-E5094BB10AE8}"
EndProject
Project("{FAE04EC0-301F-11D3-BF4B-00C04F79EFBC}") = "App.Test", "App.Test\App.Test.csproj", "{217AF187-36BF-45B6-8056-5F6FDFBF5F98}"
EndProject
Global
	GlobalSection(SolutionConfigurationPlatforms) = preSolution
		Debug|Any CPU = Debug|Any CPU
		Release|Any CPU = Release|Any CPU
	EndGlobalSection
	GlobalSection(ProjectConfigurationPlatforms) = postSolution
		{384F9264-6765-4703-8E25-E5094BB10AE8}.Debug|Any CPU.ActiveCfg = Debug|Any CPU
		{384F9264-6765-4703-8E25-E5094BB10AE8}.Debug|Any CPU.Build.0 = Debug|Any CPU
		{384F9264-6765-4703-8E25-E5094BB10AE8}.Release|Any CPU.ActiveCfg = Release|Any CPU
		{384F9264-6765-4703-8E25-E5094BB10AE8}.Release|Any CPU.Build.0 = Release|Any CPU
		{217AF187-36BF-45B6-8056-5F6FDFBF5F98}.Debug|Any CPU.ActiveCfg = Debug|Any CPU
		{217AF187-36BF-45B6-8056-5F6FDFBF5F98}.Debug|Any CPU.Build.0 = Debug|Any CPU
		{217AF187-36BF-45B6-8056-5F6FDFBF5F98}.Release|Any CPU.ActiveCfg = Release|Any CPU
		{217AF187-36BF-45B6-8056-5F6FDFBF5F98}.Release|Any CPU.Build.0 = Release|Any CPU
	EndGlobalSection
	GlobalSection(SolutionProperties) = preSolution
		HideSolutionNode = FALSE
	EndGlobalSection
	GlobalSection(ExtensibilityGlobals) = postSolution
		SolutionGuid = {85E627EC-2229-4BD5-8EB5-CD22DABD2A7F}
	EndGlobalSection
EndGlobal
