
Microsoft Visual Studio Solution File, Format Version 12.00
# Visual Studio Version 17
VisualStudioVersion = 17.0.31903.59
MinimumVisualStudioVersion = 10.0.40219.1
Project("{FAE04EC0-301F-11D3-BF4B-00C04F79EFBC}") = "App", "App\App.csproj", "{0B5C16DA-D9C6-4345-8BC9-AEDEA3D655DF}"
EndProject
Project("{FAE04EC0-301F-11D3-BF4B-00C04F79EFBC}") = "App.Tests", "App.Tests\App.Tests.csproj", "{6EA2D2DE-D7DE-4847-BF6E-D616145D3C40}"
EndProject
Global
	GlobalSection(SolutionConfigurationPlatforms) = preSolution
		Debug|Any CPU = Debug|Any CPU
		Release|Any CPU = Release|Any CPU
	EndGlobalSection
	GlobalSection(ProjectConfigurationPlatforms) = postSolution
		{0B5C16DA-D9C6-4345-8BC9-AEDEA3D655DF}.Debug|Any CPU.ActiveCfg = Debug|Any CPU
		{0B5C16DA-D9C6-4345-8BC9-AEDEA3D655DF}.Debug|Any CPU.Build.0 = Debug|Any CPU
		{0B5C16DA-D9C6-4345-8BC9-AEDEA3D655DF}.Release|Any CPU.ActiveCfg = Release|Any CPU
		{0B5C16DA-D9C6-4345-8BC9-AEDEA3D655DF}.Release|Any CPU.Build.0 = Release|Any CPU
		{6EA2D2DE-D7DE-4847-BF6E-D616145D3C40}.Debug|Any CPU.ActiveCfg = Debug|Any CPU
		{6EA2D2DE-D7DE-4847-BF6E-D616145D3C40}.Debug|Any CPU.Build.0 = Debug|Any CPU
		{6EA2D2DE-D7DE-4847-BF6E-D616145D3C40}.Release|Any CPU.ActiveCfg = Release|Any CPU
		{6EA2D2DE-D7DE-4847-BF6E-D616145D3C40}.Release|Any CPU.Build.0 = Release|Any CPU
	EndGlobalSection
	GlobalSection(SolutionProperties) = preSolution
		HideSolutionNode = FALSE
	EndGlobalSection
	GlobalSection(ExtensibilityGlobals) = postSolution
		SolutionGuid = {595BA390-042C-41DE-A3A8-FDDA9F34413C}
	EndGlobalSection
EndGlobal
