
Microsoft Visual Studio Solution File, Format Version 12.00
# Visual Studio Version 17
VisualStudioVersion = 17.0.31903.59
MinimumVisualStudioVersion = 10.0.40219.1
Project("{FAE04EC0-301F-11D3-BF4B-00C04F79EFBC}") = "Basic", "Basic\Basic.csproj", "{7E86DC74-FDD9-4880-8722-A37AFBF9A8BC}"
EndProject
Global
	GlobalSection(SolutionConfigurationPlatforms) = preSolution
		Debug|Any CPU = Debug|Any CPU
		Release|Any CPU = Release|Any CPU
	EndGlobalSection
	GlobalSection(ProjectConfigurationPlatforms) = postSolution
		{7E86DC74-FDD9-4880-8722-A37AFBF9A8BC}.Debug|Any CPU.ActiveCfg = Debug|Any CPU
		{7E86DC74-FDD9-4880-8722-A37AFBF9A8BC}.Debug|Any CPU.Build.0 = Debug|Any CPU
		{7E86DC74-FDD9-4880-8722-A37AFBF9A8BC}.Release|Any CPU.ActiveCfg = Release|Any CPU
		{7E86DC74-FDD9-4880-8722-A37AFBF9A8BC}.Release|Any CPU.Build.0 = Release|Any CPU
	EndGlobalSection
	GlobalSection(SolutionProperties) = preSolution
		HideSolutionNode = FALSE
	EndGlobalSection
	GlobalSection(ExtensibilityGlobals) = postSolution
		SolutionGuid = {1479EF30-9ACB-4145-A616-F44B9A262135}
	EndGlobalSection
EndGlobal
